PODS:
  - Alamofire (5.8.1)
  - Reachability (3.2)
  - SnapKit (5.6.0)

DEPENDENCIES:
  - Alamofire
  - Reachability
  - SnapKit

SPEC REPOS:
  trunk:
    - Alamofire
    - Reachability
    - SnapKit

SPEC CHECKSUMS:
  Alamofire: 3ca42e259043ee0dc5c0cdd76c4bc568b8e42af7
  Reachability: 33e18b67625424e47b6cde6d202dce689ad7af96
  SnapKit: e01d52ebb8ddbc333eefe2132acf85c8227d9c25

PODFILE CHECKSUM: a13c1e7581634f2c982edd3e3df7e1de4c49fc5a

COCOAPODS: 1.11.3
