// !$*UTF8*$!
{
	archiveVersion = 1;
	classes = {
	};
	objectVersion = 56;
	objects = {

/* Begin PBXBuildFile section */
		A679016E2A383AF100F088FE /* PrayerTimeViewController.swift in Sources */ = {isa = PBXBuildFile; fileRef = A679016D2A383AF100F088FE /* PrayerTimeViewController.swift */; };
		A6BC32A42A4023E400930936 /* Model.swift in Sources */ = {isa = PBXBuildFile; fileRef = A6BC32A32A4023E400930936 /* Model.swift */; };
		A6D72EDF2B3F077900A8942A /* ViewModel.swift in Sources */ = {isa = PBXBuildFile; fileRef = A6D72EDE2B3F077900A8942A /* ViewModel.swift */; };
		A6D74B4D2A38381300180810 /* AppDelegate.swift in Sources */ = {isa = PBXBuildFile; fileRef = A6D74B4C2A38381300180810 /* AppDelegate.swift */; };
		A6D74B4F2A38381300180810 /* SceneDelegate.swift in Sources */ = {isa = PBXBuildFile; fileRef = A6D74B4E2A38381300180810 /* SceneDelegate.swift */; };
		A6D74B572A38381300180810 /* PrayerTimes_Demo.xcdatamodeld in Sources */ = {isa = PBXBuildFile; fileRef = A6D74B552A38381300180810 /* PrayerTimes_Demo.xcdatamodeld */; };
		A6D74B592A38381400180810 /* Assets.xcassets in Resources */ = {isa = PBXBuildFile; fileRef = A6D74B582A38381400180810 /* Assets.xcassets */; };
		A6D74B5C2A38381400180810 /* LaunchScreen.storyboard in Resources */ = {isa = PBXBuildFile; fileRef = A6D74B5A2A38381400180810 /* LaunchScreen.storyboard */; };
		C8DB5D93DB0F5EE0E02F196C /* Pods_PrayerTimes_Demo.framework in Frameworks */ = {isa = PBXBuildFile; fileRef = 37AF82492C982566E6998D54 /* Pods_PrayerTimes_Demo.framework */; };
/* End PBXBuildFile section */

/* Begin PBXFileReference section */
		17ECDCA1A0C73917A66F8857 /* Pods-PrayerTimes_Demo.debug.xcconfig */ = {isa = PBXFileReference; includeInIndex = 1; lastKnownFileType = text.xcconfig; name = "Pods-PrayerTimes_Demo.debug.xcconfig"; path = "Target Support Files/Pods-PrayerTimes_Demo/Pods-PrayerTimes_Demo.debug.xcconfig"; sourceTree = "<group>"; };
		375F88292CF599C8F227CF57 /* Pods-PrayerTimes_Demo.release.xcconfig */ = {isa = PBXFileReference; includeInIndex = 1; lastKnownFileType = text.xcconfig; name = "Pods-PrayerTimes_Demo.release.xcconfig"; path = "Target Support Files/Pods-PrayerTimes_Demo/Pods-PrayerTimes_Demo.release.xcconfig"; sourceTree = "<group>"; };
		37AF82492C982566E6998D54 /* Pods_PrayerTimes_Demo.framework */ = {isa = PBXFileReference; explicitFileType = wrapper.framework; includeInIndex = 0; path = Pods_PrayerTimes_Demo.framework; sourceTree = BUILT_PRODUCTS_DIR; };
		A679016D2A383AF100F088FE /* PrayerTimeViewController.swift */ = {isa = PBXFileReference; lastKnownFileType = sourcecode.swift; path = PrayerTimeViewController.swift; sourceTree = "<group>"; };
		A6BC32A32A4023E400930936 /* Model.swift */ = {isa = PBXFileReference; lastKnownFileType = sourcecode.swift; path = Model.swift; sourceTree = "<group>"; };
		A6D72EDE2B3F077900A8942A /* ViewModel.swift */ = {isa = PBXFileReference; lastKnownFileType = sourcecode.swift; path = ViewModel.swift; sourceTree = "<group>"; };
		A6D74B492A38381300180810 /* PrayerTimes_Demo.app */ = {isa = PBXFileReference; explicitFileType = wrapper.application; includeInIndex = 0; path = PrayerTimes_Demo.app; sourceTree = BUILT_PRODUCTS_DIR; };
		A6D74B4C2A38381300180810 /* AppDelegate.swift */ = {isa = PBXFileReference; lastKnownFileType = sourcecode.swift; path = AppDelegate.swift; sourceTree = "<group>"; };
		A6D74B4E2A38381300180810 /* SceneDelegate.swift */ = {isa = PBXFileReference; lastKnownFileType = sourcecode.swift; path = SceneDelegate.swift; sourceTree = "<group>"; };
		A6D74B562A38381300180810 /* PrayerTimes_Demo.xcdatamodel */ = {isa = PBXFileReference; lastKnownFileType = wrapper.xcdatamodel; path = PrayerTimes_Demo.xcdatamodel; sourceTree = "<group>"; };
		A6D74B582A38381400180810 /* Assets.xcassets */ = {isa = PBXFileReference; lastKnownFileType = folder.assetcatalog; path = Assets.xcassets; sourceTree = "<group>"; };
		A6D74B5B2A38381400180810 /* Base */ = {isa = PBXFileReference; lastKnownFileType = file.storyboard; name = Base; path = Base.lproj/LaunchScreen.storyboard; sourceTree = "<group>"; };
		A6D74B5D2A38381400180810 /* Info.plist */ = {isa = PBXFileReference; lastKnownFileType = text.plist.xml; path = Info.plist; sourceTree = "<group>"; };
/* End PBXFileReference section */

/* Begin PBXFrameworksBuildPhase section */
		A6D74B462A38381300180810 /* Frameworks */ = {
			isa = PBXFrameworksBuildPhase;
			buildActionMask = 2147483647;
			files = (
				C8DB5D93DB0F5EE0E02F196C /* Pods_PrayerTimes_Demo.framework in Frameworks */,
			);
			runOnlyForDeploymentPostprocessing = 0;
		};
/* End PBXFrameworksBuildPhase section */

/* Begin PBXGroup section */
		47E698A21F3FAAE1E56C5CA9 /* Frameworks */ = {
			isa = PBXGroup;
			children = (
				37AF82492C982566E6998D54 /* Pods_PrayerTimes_Demo.framework */,
			);
			name = Frameworks;
			sourceTree = "<group>";
		};
		A679016A2A3838E500F088FE /* View */ = {
			isa = PBXGroup;
			children = (
				A679016B2A3838F400F088FE /* Controller */,
				A679016C2A3838FE00F088FE /* Storyboard */,
			);
			path = View;
			sourceTree = "<group>";
		};
		A679016B2A3838F400F088FE /* Controller */ = {
			isa = PBXGroup;
			children = (
				A679016D2A383AF100F088FE /* PrayerTimeViewController.swift */,
			);
			path = Controller;
			sourceTree = "<group>";
		};
		A679016C2A3838FE00F088FE /* Storyboard */ = {
			isa = PBXGroup;
			children = (
				A6D74B5A2A38381400180810 /* LaunchScreen.storyboard */,
			);
			path = Storyboard;
			sourceTree = "<group>";
		};
		A6BC32A12A4023CC00930936 /* Model */ = {
			isa = PBXGroup;
			children = (
				A6BC32A32A4023E400930936 /* Model.swift */,
			);
			path = Model;
			sourceTree = "<group>";
		};
		A6D72EDD2B3F074100A8942A /* ViewModel */ = {
			isa = PBXGroup;
			children = (
				A6D72EDE2B3F077900A8942A /* ViewModel.swift */,
			);
			path = ViewModel;
			sourceTree = "<group>";
		};
		A6D74B402A38381300180810 = {
			isa = PBXGroup;
			children = (
				A6D74B4B2A38381300180810 /* PrayerTimes_Demo */,
				A6D74B4A2A38381300180810 /* Products */,
				E085FF50D1B421BF1F1466A8 /* Pods */,
				47E698A21F3FAAE1E56C5CA9 /* Frameworks */,
			);
			sourceTree = "<group>";
		};
		A6D74B4A2A38381300180810 /* Products */ = {
			isa = PBXGroup;
			children = (
				A6D74B492A38381300180810 /* PrayerTimes_Demo.app */,
			);
			name = Products;
			sourceTree = "<group>";
		};
		A6D74B4B2A38381300180810 /* PrayerTimes_Demo */ = {
			isa = PBXGroup;
			children = (
				A6BC32A12A4023CC00930936 /* Model */,
				A6D72EDD2B3F074100A8942A /* ViewModel */,
				A679016A2A3838E500F088FE /* View */,
				A6D74B4C2A38381300180810 /* AppDelegate.swift */,
				A6D74B4E2A38381300180810 /* SceneDelegate.swift */,
				A6D74B582A38381400180810 /* Assets.xcassets */,
				A6D74B5D2A38381400180810 /* Info.plist */,
				A6D74B552A38381300180810 /* PrayerTimes_Demo.xcdatamodeld */,
			);
			path = PrayerTimes_Demo;
			sourceTree = "<group>";
		};
		E085FF50D1B421BF1F1466A8 /* Pods */ = {
			isa = PBXGroup;
			children = (
				17ECDCA1A0C73917A66F8857 /* Pods-PrayerTimes_Demo.debug.xcconfig */,
				375F88292CF599C8F227CF57 /* Pods-PrayerTimes_Demo.release.xcconfig */,
			);
			path = Pods;
			sourceTree = "<group>";
		};
/* End PBXGroup section */

/* Begin PBXNativeTarget section */
		A6D74B482A38381300180810 /* PrayerTimes_Demo */ = {
			isa = PBXNativeTarget;
			buildConfigurationList = A6D74B602A38381400180810 /* Build configuration list for PBXNativeTarget "PrayerTimes_Demo" */;
			buildPhases = (
				CD5A81792899B240CE758C38 /* [CP] Check Pods Manifest.lock */,
				A6D74B452A38381300180810 /* Sources */,
				A6D74B462A38381300180810 /* Frameworks */,
				A6D74B472A38381300180810 /* Resources */,
				0FE302B9779D0FFCBE4644CC /* [CP] Embed Pods Frameworks */,
			);
			buildRules = (
			);
			dependencies = (
			);
			name = PrayerTimes_Demo;
			productName = PrayerTimes_Demo;
			productReference = A6D74B492A38381300180810 /* PrayerTimes_Demo.app */;
			productType = "com.apple.product-type.application";
		};
/* End PBXNativeTarget section */

/* Begin PBXProject section */
		A6D74B412A38381300180810 /* Project object */ = {
			isa = PBXProject;
			attributes = {
				BuildIndependentTargetsInParallel = 1;
				LastSwiftUpdateCheck = 1430;
				LastUpgradeCheck = 1430;
				TargetAttributes = {
					A6D74B482A38381300180810 = {
						CreatedOnToolsVersion = 14.3;
					};
				};
			};
			buildConfigurationList = A6D74B442A38381300180810 /* Build configuration list for PBXProject "PrayerTimes_Demo" */;
			compatibilityVersion = "Xcode 14.0";
			developmentRegion = en;
			hasScannedForEncodings = 0;
			knownRegions = (
				en,
				Base,
			);
			mainGroup = A6D74B402A38381300180810;
			productRefGroup = A6D74B4A2A38381300180810 /* Products */;
			projectDirPath = "";
			projectRoot = "";
			targets = (
				A6D74B482A38381300180810 /* PrayerTimes_Demo */,
			);
		};
/* End PBXProject section */

/* Begin PBXResourcesBuildPhase section */
		A6D74B472A38381300180810 /* Resources */ = {
			isa = PBXResourcesBuildPhase;
			buildActionMask = 2147483647;
			files = (
				A6D74B5C2A38381400180810 /* LaunchScreen.storyboard in Resources */,
				A6D74B592A38381400180810 /* Assets.xcassets in Resources */,
			);
			runOnlyForDeploymentPostprocessing = 0;
		};
/* End PBXResourcesBuildPhase section */

/* Begin PBXShellScriptBuildPhase section */
		0FE302B9779D0FFCBE4644CC /* [CP] Embed Pods Frameworks */ = {
			isa = PBXShellScriptBuildPhase;
			buildActionMask = 2147483647;
			files = (
			);
			inputFileListPaths = (
				"${PODS_ROOT}/Target Support Files/Pods-PrayerTimes_Demo/Pods-PrayerTimes_Demo-frameworks-${CONFIGURATION}-input-files.xcfilelist",
			);
			name = "[CP] Embed Pods Frameworks";
			outputFileListPaths = (
				"${PODS_ROOT}/Target Support Files/Pods-PrayerTimes_Demo/Pods-PrayerTimes_Demo-frameworks-${CONFIGURATION}-output-files.xcfilelist",
			);
			runOnlyForDeploymentPostprocessing = 0;
			shellPath = /bin/sh;
			shellScript = "\"${PODS_ROOT}/Target Support Files/Pods-PrayerTimes_Demo/Pods-PrayerTimes_Demo-frameworks.sh\"\n";
			showEnvVarsInLog = 0;
		};
		CD5A81792899B240CE758C38 /* [CP] Check Pods Manifest.lock */ = {
			isa = PBXShellScriptBuildPhase;
			buildActionMask = 2147483647;
			files = (
			);
			inputFileListPaths = (
			);
			inputPaths = (
				"${PODS_PODFILE_DIR_PATH}/Podfile.lock",
				"${PODS_ROOT}/Manifest.lock",
			);
			name = "[CP] Check Pods Manifest.lock";
			outputFileListPaths = (
			);
			outputPaths = (
				"$(DERIVED_FILE_DIR)/Pods-PrayerTimes_Demo-checkManifestLockResult.txt",
			);
			runOnlyForDeploymentPostprocessing = 0;
			shellPath = /bin/sh;
			shellScript = "diff \"${PODS_PODFILE_DIR_PATH}/Podfile.lock\" \"${PODS_ROOT}/Manifest.lock\" > /dev/null\nif [ $? != 0 ] ; then\n    # print error to STDERR\n    echo \"error: The sandbox is not in sync with the Podfile.lock. Run 'pod install' or update your CocoaPods installation.\" >&2\n    exit 1\nfi\n# This output is used by Xcode 'outputs' to avoid re-running this script phase.\necho \"SUCCESS\" > \"${SCRIPT_OUTPUT_FILE_0}\"\n";
			showEnvVarsInLog = 0;
		};
/* End PBXShellScriptBuildPhase section */

/* Begin PBXSourcesBuildPhase section */
		A6D74B452A38381300180810 /* Sources */ = {
			isa = PBXSourcesBuildPhase;
			buildActionMask = 2147483647;
			files = (
				A6D74B4D2A38381300180810 /* AppDelegate.swift in Sources */,
				A6D74B572A38381300180810 /* PrayerTimes_Demo.xcdatamodeld in Sources */,
				A679016E2A383AF100F088FE /* PrayerTimeViewController.swift in Sources */,
				A6D74B4F2A38381300180810 /* SceneDelegate.swift in Sources */,
				A6BC32A42A4023E400930936 /* Model.swift in Sources */,
				A6D72EDF2B3F077900A8942A /* ViewModel.swift in Sources */,
			);
			runOnlyForDeploymentPostprocessing = 0;
		};
/* End PBXSourcesBuildPhase section */

/* Begin PBXVariantGroup section */
		A6D74B5A2A38381400180810 /* LaunchScreen.storyboard */ = {
			isa = PBXVariantGroup;
			children = (
				A6D74B5B2A38381400180810 /* Base */,
			);
			name = LaunchScreen.storyboard;
			sourceTree = "<group>";
		};
/* End PBXVariantGroup section */

/* Begin XCBuildConfiguration section */
		A6D74B5E2A38381400180810 /* Debug */ = {
			isa = XCBuildConfiguration;
			buildSettings = {
				ALWAYS_SEARCH_USER_PATHS = NO;
				CLANG_ANALYZER_NONNULL = YES;
				CLANG_ANALYZER_NUMBER_OBJECT_CONVERSION = YES_AGGRESSIVE;
				CLANG_CXX_LANGUAGE_STANDARD = "gnu++20";
				CLANG_ENABLE_MODULES = YES;
				CLANG_ENABLE_OBJC_ARC = YES;
				CLANG_ENABLE_OBJC_WEAK = YES;
				CLANG_WARN_BLOCK_CAPTURE_AUTORELEASING = YES;
				CLANG_WARN_BOOL_CONVERSION = YES;
				CLANG_WARN_COMMA = YES;
				CLANG_WARN_CONSTANT_CONVERSION = YES;
				CLANG_WARN_DEPRECATED_OBJC_IMPLEMENTATIONS = YES;
				CLANG_WARN_DIRECT_OBJC_ISA_USAGE = YES_ERROR;
				CLANG_WARN_DOCUMENTATION_COMMENTS = YES;
				CLANG_WARN_EMPTY_BODY = YES;
				CLANG_WARN_ENUM_CONVERSION = YES;
				CLANG_WARN_INFINITE_RECURSION = YES;
				CLANG_WARN_INT_CONVERSION = YES;
				CLANG_WARN_NON_LITERAL_NULL_CONVERSION = YES;
				CLANG_WARN_OBJC_IMPLICIT_RETAIN_SELF = YES;
				CLANG_WARN_OBJC_LITERAL_CONVERSION = YES;
				CLANG_WARN_OBJC_ROOT_CLASS = YES_ERROR;
				CLANG_WARN_QUOTED_INCLUDE_IN_FRAMEWORK_HEADER = YES;
				CLANG_WARN_RANGE_LOOP_ANALYSIS = YES;
				CLANG_WARN_STRICT_PROTOTYPES = YES;
				CLANG_WARN_SUSPICIOUS_MOVE = YES;
				CLANG_WARN_UNGUARDED_AVAILABILITY = YES_AGGRESSIVE;
				CLANG_WARN_UNREACHABLE_CODE = YES;
				CLANG_WARN__DUPLICATE_METHOD_MATCH = YES;
				COPY_PHASE_STRIP = NO;
				DEBUG_INFORMATION_FORMAT = dwarf;
				ENABLE_STRICT_OBJC_MSGSEND = YES;
				ENABLE_TESTABILITY = YES;
				GCC_C_LANGUAGE_STANDARD = gnu11;
				GCC_DYNAMIC_NO_PIC = NO;
				GCC_NO_COMMON_BLOCKS = YES;
				GCC_OPTIMIZATION_LEVEL = 0;
				GCC_PREPROCESSOR_DEFINITIONS = (
					"DEBUG=1",
					"$(inherited)",
				);
				GCC_WARN_64_TO_32_BIT_CONVERSION = YES;
				GCC_WARN_ABOUT_RETURN_TYPE = YES_ERROR;
				GCC_WARN_UNDECLARED_SELECTOR = YES;
				GCC_WARN_UNINITIALIZED_AUTOS = YES_AGGRESSIVE;
				GCC_WARN_UNUSED_FUNCTION = YES;
				GCC_WARN_UNUSED_VARIABLE = YES;
				IPHONEOS_DEPLOYMENT_TARGET = 16.4;
				MTL_ENABLE_DEBUG_INFO = INCLUDE_SOURCE;
				MTL_FAST_MATH = YES;
				ONLY_ACTIVE_ARCH = YES;
				SDKROOT = iphoneos;
				SWIFT_ACTIVE_COMPILATION_CONDITIONS = DEBUG;
				SWIFT_OPTIMIZATION_LEVEL = "-Onone";
			};
			name = Debug;
		};
		A6D74B5F2A38381400180810 /* Release */ = {
			isa = XCBuildConfiguration;
			buildSettings = {
				ALWAYS_SEARCH_USER_PATHS = NO;
				CLANG_ANALYZER_NONNULL = YES;
				CLANG_ANALYZER_NUMBER_OBJECT_CONVERSION = YES_AGGRESSIVE;
				CLANG_CXX_LANGUAGE_STANDARD = "gnu++20";
				CLANG_ENABLE_MODULES = YES;
				CLANG_ENABLE_OBJC_ARC = YES;
				CLANG_ENABLE_OBJC_WEAK = YES;
				CLANG_WARN_BLOCK_CAPTURE_AUTORELEASING = YES;
				CLANG_WARN_BOOL_CONVERSION = YES;
				CLANG_WARN_COMMA = YES;
				CLANG_WARN_CONSTANT_CONVERSION = YES;
				CLANG_WARN_DEPRECATED_OBJC_IMPLEMENTATIONS = YES;
				CLANG_WARN_DIRECT_OBJC_ISA_USAGE = YES_ERROR;
				CLANG_WARN_DOCUMENTATION_COMMENTS = YES;
				CLANG_WARN_EMPTY_BODY = YES;
				CLANG_WARN_ENUM_CONVERSION = YES;
				CLANG_WARN_INFINITE_RECURSION = YES;
				CLANG_WARN_INT_CONVERSION = YES;
				CLANG_WARN_NON_LITERAL_NULL_CONVERSION = YES;
				CLANG_WARN_OBJC_IMPLICIT_RETAIN_SELF = YES;
				CLANG_WARN_OBJC_LITERAL_CONVERSION = YES;
				CLANG_WARN_OBJC_ROOT_CLASS = YES_ERROR;
				CLANG_WARN_QUOTED_INCLUDE_IN_FRAMEWORK_HEADER = YES;
				CLANG_WARN_RANGE_LOOP_ANALYSIS = YES;
				CLANG_WARN_STRICT_PROTOTYPES = YES;
				CLANG_WARN_SUSPICIOUS_MOVE = YES;
				CLANG_WARN_UNGUARDED_AVAILABILITY = YES_AGGRESSIVE;
				CLANG_WARN_UNREACHABLE_CODE = YES;
				CLANG_WARN__DUPLICATE_METHOD_MATCH = YES;
				COPY_PHASE_STRIP = NO;
				DEBUG_INFORMATION_FORMAT = "dwarf-with-dsym";
				ENABLE_NS_ASSERTIONS = NO;
				ENABLE_STRICT_OBJC_MSGSEND = YES;
				GCC_C_LANGUAGE_STANDARD = gnu11;
				GCC_NO_COMMON_BLOCKS = YES;
				GCC_WARN_64_TO_32_BIT_CONVERSION = YES;
				GCC_WARN_ABOUT_RETURN_TYPE = YES_ERROR;
				GCC_WARN_UNDECLARED_SELECTOR = YES;
				GCC_WARN_UNINITIALIZED_AUTOS = YES_AGGRESSIVE;
				GCC_WARN_UNUSED_FUNCTION = YES;
				GCC_WARN_UNUSED_VARIABLE = YES;
				IPHONEOS_DEPLOYMENT_TARGET = 16.4;
				MTL_ENABLE_DEBUG_INFO = NO;
				MTL_FAST_MATH = YES;
				SDKROOT = iphoneos;
				SWIFT_COMPILATION_MODE = wholemodule;
				SWIFT_OPTIMIZATION_LEVEL = "-O";
				VALIDATE_PRODUCT = YES;
			};
			name = Release;
		};
		A6D74B612A38381400180810 /* Debug */ = {
			isa = XCBuildConfiguration;
			baseConfigurationReference = 17ECDCA1A0C73917A66F8857 /* Pods-PrayerTimes_Demo.debug.xcconfig */;
			buildSettings = {
				ASSETCATALOG_COMPILER_APPICON_NAME = AppIcon;
				ASSETCATALOG_COMPILER_GLOBAL_ACCENT_COLOR_NAME = AccentColor;
				CODE_SIGN_STYLE = Automatic;
				CURRENT_PROJECT_VERSION = 1;
				DEVELOPMENT_TEAM = LYCXTPX25J;
				GENERATE_INFOPLIST_FILE = YES;
				INFOPLIST_FILE = PrayerTimes_Demo/Info.plist;
				INFOPLIST_KEY_NSLocationWhenInUseUsageDescription = "Please allow to test this app! ";
				INFOPLIST_KEY_UIApplicationSupportsIndirectInputEvents = YES;
				INFOPLIST_KEY_UILaunchStoryboardName = LaunchScreen;
				INFOPLIST_KEY_UIMainStoryboardFile = "";
				INFOPLIST_KEY_UISupportedInterfaceOrientations_iPad = "UIInterfaceOrientationPortrait UIInterfaceOrientationPortraitUpsideDown UIInterfaceOrientationLandscapeLeft UIInterfaceOrientationLandscapeRight";
				INFOPLIST_KEY_UISupportedInterfaceOrientations_iPhone = "UIInterfaceOrientationPortrait UIInterfaceOrientationLandscapeLeft UIInterfaceOrientationLandscapeRight";
				LD_RUNPATH_SEARCH_PATHS = (
					"$(inherited)",
					"@executable_path/Frameworks",
				);
				MARKETING_VERSION = 1.0;
				PRODUCT_BUNDLE_IDENTIFIER = "Mo-ydinxonov-Faxriddin.PrayerTimes-Demo";
				PRODUCT_NAME = "$(TARGET_NAME)";
				SWIFT_EMIT_LOC_STRINGS = YES;
				SWIFT_VERSION = 5.0;
				TARGETED_DEVICE_FAMILY = "1,2";
			};
			name = Debug;
		};
		A6D74B622A38381400180810 /* Release */ = {
			isa = XCBuildConfiguration;
			baseConfigurationReference = 375F88292CF599C8F227CF57 /* Pods-PrayerTimes_Demo.release.xcconfig */;
			buildSettings = {
				ASSETCATALOG_COMPILER_APPICON_NAME = AppIcon;
				ASSETCATALOG_COMPILER_GLOBAL_ACCENT_COLOR_NAME = AccentColor;
				CODE_SIGN_STYLE = Automatic;
				CURRENT_PROJECT_VERSION = 1;
				DEVELOPMENT_TEAM = LYCXTPX25J;
				GENERATE_INFOPLIST_FILE = YES;
				INFOPLIST_FILE = PrayerTimes_Demo/Info.plist;
				INFOPLIST_KEY_NSLocationWhenInUseUsageDescription = "Please allow to test this app! ";
				INFOPLIST_KEY_UIApplicationSupportsIndirectInputEvents = YES;
				INFOPLIST_KEY_UILaunchStoryboardName = LaunchScreen;
				INFOPLIST_KEY_UIMainStoryboardFile = "";
				INFOPLIST_KEY_UISupportedInterfaceOrientations_iPad = "UIInterfaceOrientationPortrait UIInterfaceOrientationPortraitUpsideDown UIInterfaceOrientationLandscapeLeft UIInterfaceOrientationLandscapeRight";
				INFOPLIST_KEY_UISupportedInterfaceOrientations_iPhone = "UIInterfaceOrientationPortrait UIInterfaceOrientationLandscapeLeft UIInterfaceOrientationLandscapeRight";
				LD_RUNPATH_SEARCH_PATHS = (
					"$(inherited)",
					"@executable_path/Frameworks",
				);
				MARKETING_VERSION = 1.0;
				PRODUCT_BUNDLE_IDENTIFIER = "Mo-ydinxonov-Faxriddin.PrayerTimes-Demo";
				PRODUCT_NAME = "$(TARGET_NAME)";
				SWIFT_EMIT_LOC_STRINGS = YES;
				SWIFT_VERSION = 5.0;
				TARGETED_DEVICE_FAMILY = "1,2";
			};
			name = Release;
		};
/* End XCBuildConfiguration section */

/* Begin XCConfigurationList section */
		A6D74B442A38381300180810 /* Build configuration list for PBXProject "PrayerTimes_Demo" */ = {
			isa = XCConfigurationList;
			buildConfigurations = (
				A6D74B5E2A38381400180810 /* Debug */,
				A6D74B5F2A38381400180810 /* Release */,
			);
			defaultConfigurationIsVisible = 0;
			defaultConfigurationName = Release;
		};
		A6D74B602A38381400180810 /* Build configuration list for PBXNativeTarget "PrayerTimes_Demo" */ = {
			isa = XCConfigurationList;
			buildConfigurations = (
				A6D74B612A38381400180810 /* Debug */,
				A6D74B622A38381400180810 /* Release */,
			);
			defaultConfigurationIsVisible = 0;
			defaultConfigurationName = Release;
		};
/* End XCConfigurationList section */

/* Begin XCVersionGroup section */
		A6D74B552A38381300180810 /* PrayerTimes_Demo.xcdatamodeld */ = {
			isa = XCVersionGroup;
			children = (
				A6D74B562A38381300180810 /* PrayerTimes_Demo.xcdatamodel */,
			);
			currentVersion = A6D74B562A38381300180810 /* PrayerTimes_Demo.xcdatamodel */;
			path = PrayerTimes_Demo.xcdatamodeld;
			sourceTree = "<group>";
			versionGroupType = wrapper.xcdatamodel;
		};
/* End XCVersionGroup section */
	};
	rootObject = A6D74B412A38381300180810 /* Project object */;
}
